{
  "requires": true,
  "lockfileVersion": 1,
  "dependencies": {
    "@types/bson": {
      "version": "4.0.0",
      "resolved": "https://registry.npmjs.org/@types/bson/-/bson-4.0.0.tgz",
      "integrity": "sha512-pq/rqJwJWkbS10crsG5bgnrisL8pML79KlMKQMoQwLUjlPAkrUHMvHJ3oGwE7WHR61Lv/nadMwXVAD2b+fpD8Q==",
      "requires": {
        "@types/node": "*"
      }
    },
    "@types/mongodb": {
      "version": "3.1.19",
      "resolved": "https://registry.npmjs.org/@types/mongodb/-/mongodb-3.1.19.tgz",
      "integrity": "sha512-H54hQEovAhyLrIZOhPNfGyCCDoTqKsjb8GQBy8nptJqfxrYCp5WVcPJf9v0kfTPR72xOhaz9+WcYxOXWwEg1Vg==",
      "requires": {
        "@types/bson": "*",
        "@types/node": "*"
      }
    },
    "@types/mongoose": {
      "version": "5.3.17",
      "resolved": "https://registry.npmjs.org/@types/mongoose/-/mongoose-5.3.17.tgz",
      "integrity": "sha512-LkddA9pB/c2H3en2wFkHLOTUJJ8i/gzCs3R9fh1VkL0vJnZo3av/lJleVoKe6h6puB0S7Uy+NSLDkR5QTNbSfg==",
      "requires": {
        "@types/mongodb": "*",
        "@types/node": "*"
      }
    },
    "@types/node": {
      "version": "11.9.4",
      "resolved": "https://registry.npmjs.org/@types/node/-/node-11.9.4.tgz",
      "integrity": "sha512-Zl8dGvAcEmadgs1tmSPcvwzO1YRsz38bVJQvH1RvRqSR9/5n61Q1ktcDL0ht3FXWR+ZpVmXVwN1LuH4Ax23NsA=="
    },
    "debug": {
      "version": "3.2.6",
      "resolved": "https://registry.npmjs.org/debug/-/debug-3.2.6.tgz",
      "integrity": "sha512-mel+jf7nrtEl5Pn1Qx46zARXKDpBbvzezse7p7LqINmdoIk8PYP5SySaxEmYv6TZ0JyEKA1hsCId6DIhgITtWQ==",
      "requires": {
        "ms": "^2.1.1"
      }
    },
    "mongoose-auto-increment-reworked": {
      "version": "1.2.1",
      "resolved": "https://registry.npmjs.org/mongoose-auto-increment-reworked/-/mongoose-auto-increment-reworked-1.2.1.tgz",
      "integrity": "sha512-5ID9oUFsBc5dh+Lv0GSHtcHik9rM0Jw+kl9l0r1WqgFodaii90O9e89YfViwK8aAIZjF2mFQ5CxRshsijvdQYQ==",
      "requires": {
        "@types/mongoose": "^4.0.0 || ^5.0.0",
        "debug": "^3.0.0",
        "tslib": "^1.0.0",
        "typescript-lazy-get-decorator": "^1.0.0"
      }
    },
    "ms": {
      "version": "2.1.1",
      "resolved": "https://registry.npmjs.org/ms/-/ms-2.1.1.tgz",
      "integrity": "sha512-tgp+dl5cGk28utYktBsrFqA7HKgrhgPsg6Z/EfhWI4gl1Hwq8B/GmY/0oXZ6nF8hDVesS/FpnYaD/kOWhYQvyg=="
    },
    "tslib": {
      "version": "1.9.3",
      "resolved": "https://registry.npmjs.org/tslib/-/tslib-1.9.3.tgz",
      "integrity": "sha512-4krF8scpejhaOgqzBEcGM7yDIEfi0/8+8zDRZhNZZ2kjmHJ4hv3zCbQWxoJGz1iw5U0Jl0nma13xzHXcncMavQ=="
    },
    "typescript-lazy-get-decorator": {
      "version": "1.2.2",
      "resolved": "https://registry.npmjs.org/typescript-lazy-get-decorator/-/typescript-lazy-get-decorator-1.2.2.tgz",
      "integrity": "sha512-XNqWMl2qI2AgQqVoUa7+TJa3J6XUKYOS9kK6HvptL6+uY3r2wjnpFjykA2Y7h5w9TkTV5DY4v5leTOavBEbKcQ=="
    }
  }
}
